
Microsoft Visual Studio Solution File, Format Version 12.00
# Visual Studio Version 17
VisualStudioVersion = 17.10.35122.118
MinimumVisualStudioVersion = 10.0.40219.1
Project("{9A19103F-16F7-4668-BE54-9A1E7A4F7556}") = "API_CLUB_QF", "SISLAB_API\API_CLUB_QF.csproj", "{414EC93A-C6ED-4647-AECA-6E57C8BBCE6D}"
EndProject
Global
	GlobalSection(SolutionConfigurationPlatforms) = preSolution
		Debug|Any CPU = Debug|Any CPU
		Release|Any CPU = Release|Any CPU
	EndGlobalSection
	GlobalSection(ProjectConfigurationPlatforms) = postSolution
		{414EC93A-C6ED-4647-AECA-6E57C8BBCE6D}.Debug|Any CPU.ActiveCfg = Debug|Any CPU
		{414EC93A-C6ED-4647-AECA-6E57C8BBCE6D}.Debug|Any CPU.Build.0 = Debug|Any CPU
		{414EC93A-C6ED-4647-AECA-6E57C8BBCE6D}.Release|Any CPU.ActiveCfg = Release|Any CPU
		{414EC93A-C6ED-4647-AECA-6E57C8BBCE6D}.Release|Any CPU.Build.0 = Release|Any CPU
	EndGlobalSection
	GlobalSection(SolutionProperties) = preSolution
		HideSolutionNode = FALSE
	EndGlobalSection
	GlobalSection(ExtensibilityGlobals) = postSolution
		SolutionGuid = {8F22FDB2-D172-42DA-9B8F-0BEA286C1238}
	EndGlobalSection
EndGlobal
